
Microsoft Visual Studio Solution File, Format Version 12.00
# Visual Studio Version 17
VisualStudioVersion = 17.2.32630.192
MinimumVisualStudioVersion = 10.0.40219.1
Project("{9A19103F-16F7-4668-BE54-9A1E7A4F7556}") = "ShopEazy.Server", "ShopEazy\Server\ShopEazy.Server.csproj", "{BF55DB94-1567-45AB-9344-F126989FBB45}"
EndProject
Project("{9A19103F-16F7-4668-BE54-9A1E7A4F7556}") = "ShopEazy.Client", "ShopEazy\Client\ShopEazy.Client.csproj", "{F5160F17-E173-4F79-B655-17DA9284952A}"
EndProject
Project("{9A19103F-16F7-4668-BE54-9A1E7A4F7556}") = "ShopEazy.Shared", "ShopEazy\Shared\ShopEazy.Shared.csproj", "{324D43A7-0A3E-4A29-8347-0B2D3B8D891F}"
EndProject
Global
	GlobalSection(SolutionConfigurationPlatforms) = preSolution
		Debug|Any CPU = Debug|Any CPU
		Release|Any CPU = Release|Any CPU
	EndGlobalSection
	GlobalSection(ProjectConfigurationPlatforms) = postSolution
		{BF55DB94-1567-45AB-9344-F126989FBB45}.Debug|Any CPU.ActiveCfg = Release|Any CPU
		{BF55DB94-1567-45AB-9344-F126989FBB45}.Debug|Any CPU.Build.0 = Release|Any CPU
		{BF55DB94-1567-45AB-9344-F126989FBB45}.Release|Any CPU.ActiveCfg = Release|Any CPU
		{BF55DB94-1567-45AB-9344-F126989FBB45}.Release|Any CPU.Build.0 = Release|Any CPU
		{F5160F17-E173-4F79-B655-17DA9284952A}.Debug|Any CPU.ActiveCfg = Release|Any CPU
		{F5160F17-E173-4F79-B655-17DA9284952A}.Debug|Any CPU.Build.0 = Release|Any CPU
		{F5160F17-E173-4F79-B655-17DA9284952A}.Release|Any CPU.ActiveCfg = Release|Any CPU
		{F5160F17-E173-4F79-B655-17DA9284952A}.Release|Any CPU.Build.0 = Release|Any CPU
		{324D43A7-0A3E-4A29-8347-0B2D3B8D891F}.Debug|Any CPU.ActiveCfg = Release|Any CPU
		{324D43A7-0A3E-4A29-8347-0B2D3B8D891F}.Debug|Any CPU.Build.0 = Release|Any CPU
		{324D43A7-0A3E-4A29-8347-0B2D3B8D891F}.Release|Any CPU.ActiveCfg = Release|Any CPU
		{324D43A7-0A3E-4A29-8347-0B2D3B8D891F}.Release|Any CPU.Build.0 = Release|Any CPU
	EndGlobalSection
	GlobalSection(SolutionProperties) = preSolution
		HideSolutionNode = FALSE
	EndGlobalSection
	GlobalSection(ExtensibilityGlobals) = postSolution
		SolutionGuid = {515B3575-8E85-46E8-B4F4-3B03A42868B7}
	EndGlobalSection
EndGlobal
